
Microsoft Visual Studio Solution File, Format Version 12.00
# Visual Studio Version 17
VisualStudioVersion = 17.3.32929.385
MinimumVisualStudioVersion = 10.0.40219.1
Project("{9A19103F-16F7-4668-BE54-9A1E7A4F7556}") = "Compass.Wasm.Server", "Compass.Wasm\Server\Compass.Wasm.Server.csproj", "{735C740C-49A5-45B7-81F2-1BDEF97F843D}"
EndProject
Project("{9A19103F-16F7-4668-BE54-9A1E7A4F7556}") = "Compass.Wasm.Client", "Compass.Wasm\Client\Compass.Wasm.Client.csproj", "{001FC8BE-1618-4C71-BAB4-9B61B177DCAE}"
EndProject
Project("{9A19103F-16F7-4668-BE54-9A1E7A4F7556}") = "Compass.Wasm.Shared", "Compass.Wasm\Shared\Compass.Wasm.Shared.csproj", "{AB274267-9D6E-42C6-ABED-F47EBD45224E}"
EndProject
Project("{2150E333-8FDC-42A3-9474-1A3956D46DE8}") = "Compass.FileService", "Compass.FileService", "{8305DE19-3138-4DBB-8FE0-2602BA8700B4}"
EndProject
Project("{9A19103F-16F7-4668-BE54-9A1E7A4F7556}") = "Compass.FileService.Domain", "Compass.FileService\Compass.FileService.Domain\Compass.FileService.Domain.csproj", "{C336FB5C-85CA-432A-9BCA-7B3F4383244C}"
EndProject
Project("{9A19103F-16F7-4668-BE54-9A1E7A4F7556}") = "Compass.FileService.Infrastructure", "Compass.FileService\Compass.FileService.Infrastructure\Compass.FileService.Infrastructure.csproj", "{716952A7-4D43-4A02-8303-C1C91E67C023}"
EndProject
Project("{2150E333-8FDC-42A3-9474-1A3956D46DE8}") = "Compass.ProjectService", "Compass.ProjectService", "{F2C2D5BE-2938-4959-BF01-2F0504F652D9}"
EndProject
Project("{9A19103F-16F7-4668-BE54-9A1E7A4F7556}") = "Compass.ProjectService.Domain", "Compass.ProjectService\Compass.ProjectService.Domain\Compass.ProjectService.Domain.csproj", "{B5B194D2-B77A-4472-9F12-0BF31C9CA7C5}"
EndProject
Project("{9A19103F-16F7-4668-BE54-9A1E7A4F7556}") = "Compass.ProjectService.Infrastructure", "Compass.ProjectService\Compass.ProjectService.Infrastructure\Compass.ProjectService.Infrastructure.csproj", "{59A974D7-BDC8-4859-A6C6-39768DF6BEA5}"
EndProject
Project("{2150E333-8FDC-42A3-9474-1A3956D46DE8}") = "Compass.IdentityService", "Compass.IdentityService", "{51609212-31AA-4D03-8019-560E850F22A8}"
EndProject
Project("{9A19103F-16F7-4668-BE54-9A1E7A4F7556}") = "Compass.IdentityService.Domain", "Compass.IdentityService\Compass.IdentityService.Domain\Compass.IdentityService.Domain.csproj", "{6528CEED-7F44-4728-8E3B-2C3A4FEE8596}"
EndProject
Project("{9A19103F-16F7-4668-BE54-9A1E7A4F7556}") = "Compass.IdentityService.Infrastructure", "Compass.IdentityService\Compass.IdentityService.Infrastructure\Compass.IdentityService.Infrastructure.csproj", "{799D604D-98B1-4820-9BC0-F2E3D47A9D67}"
EndProject
Project("{2150E333-8FDC-42A3-9474-1A3956D46DE8}") = "Compass.CategoryService", "Compass.CategoryService", "{6A2E6C89-BC18-493E-8A3B-E4BEE0E83A5B}"
EndProject
Project("{9A19103F-16F7-4668-BE54-9A1E7A4F7556}") = "Compass.CategoryService.Domain", "Compass.CategoryService\Compass.CategoryService.Domain\Compass.CategoryService.Domain.csproj", "{B678C7D7-FAF3-4B7A-AFC1-C2D108032401}"
EndProject
Project("{9A19103F-16F7-4668-BE54-9A1E7A4F7556}") = "Compass.CategoryService.Infrastructure", "Compass.CategoryService\Compass.CategoryService.Infrastructure\Compass.CategoryService.Infrastructure.csproj", "{58BD4DE8-8DEC-4FC2-B985-C2637E1FEED2}"
EndProject
Global
	GlobalSection(SolutionConfigurationPlatforms) = preSolution
		Debug|Any CPU = Debug|Any CPU
		Release|Any CPU = Release|Any CPU
	EndGlobalSection
	GlobalSection(ProjectConfigurationPlatforms) = postSolution
		{735C740C-49A5-45B7-81F2-1BDEF97F843D}.Debug|Any CPU.ActiveCfg = Debug|Any CPU
		{735C740C-49A5-45B7-81F2-1BDEF97F843D}.Debug|Any CPU.Build.0 = Debug|Any CPU
		{735C740C-49A5-45B7-81F2-1BDEF97F843D}.Release|Any CPU.ActiveCfg = Release|Any CPU
		{735C740C-49A5-45B7-81F2-1BDEF97F843D}.Release|Any CPU.Build.0 = Release|Any CPU
		{001FC8BE-1618-4C71-BAB4-9B61B177DCAE}.Debug|Any CPU.ActiveCfg = Debug|Any CPU
		{001FC8BE-1618-4C71-BAB4-9B61B177DCAE}.Debug|Any CPU.Build.0 = Debug|Any CPU
		{001FC8BE-1618-4C71-BAB4-9B61B177DCAE}.Release|Any CPU.ActiveCfg = Release|Any CPU
		{001FC8BE-1618-4C71-BAB4-9B61B177DCAE}.Release|Any CPU.Build.0 = Release|Any CPU
		{AB274267-9D6E-42C6-ABED-F47EBD45224E}.Debug|Any CPU.ActiveCfg = Debug|Any CPU
		{AB274267-9D6E-42C6-ABED-F47EBD45224E}.Debug|Any CPU.Build.0 = Debug|Any CPU
		{AB274267-9D6E-42C6-ABED-F47EBD45224E}.Release|Any CPU.ActiveCfg = Release|Any CPU
		{AB274267-9D6E-42C6-ABED-F47EBD45224E}.Release|Any CPU.Build.0 = Release|Any CPU
		{C336FB5C-85CA-432A-9BCA-7B3F4383244C}.Debug|Any CPU.ActiveCfg = Debug|Any CPU
		{C336FB5C-85CA-432A-9BCA-7B3F4383244C}.Debug|Any CPU.Build.0 = Debug|Any CPU
		{C336FB5C-85CA-432A-9BCA-7B3F4383244C}.Release|Any CPU.ActiveCfg = Release|Any CPU
		{C336FB5C-85CA-432A-9BCA-7B3F4383244C}.Release|Any CPU.Build.0 = Release|Any CPU
		{716952A7-4D43-4A02-8303-C1C91E67C023}.Debug|Any CPU.ActiveCfg = Debug|Any CPU
		{716952A7-4D43-4A02-8303-C1C91E67C023}.Debug|Any CPU.Build.0 = Debug|Any CPU
		{716952A7-4D43-4A02-8303-C1C91E67C023}.Release|Any CPU.ActiveCfg = Release|Any CPU
		{716952A7-4D43-4A02-8303-C1C91E67C023}.Release|Any CPU.Build.0 = Release|Any CPU
		{B5B194D2-B77A-4472-9F12-0BF31C9CA7C5}.Debug|Any CPU.ActiveCfg = Debug|Any CPU
		{B5B194D2-B77A-4472-9F12-0BF31C9CA7C5}.Debug|Any CPU.Build.0 = Debug|Any CPU
		{B5B194D2-B77A-4472-9F12-0BF31C9CA7C5}.Release|Any CPU.ActiveCfg = Release|Any CPU
		{B5B194D2-B77A-4472-9F12-0BF31C9CA7C5}.Release|Any CPU.Build.0 = Release|Any CPU
		{59A974D7-BDC8-4859-A6C6-39768DF6BEA5}.Debug|Any CPU.ActiveCfg = Debug|Any CPU
		{59A974D7-BDC8-4859-A6C6-39768DF6BEA5}.Debug|Any CPU.Build.0 = Debug|Any CPU
		{59A974D7-BDC8-4859-A6C6-39768DF6BEA5}.Release|Any CPU.ActiveCfg = Release|Any CPU
		{59A974D7-BDC8-4859-A6C6-39768DF6BEA5}.Release|Any CPU.Build.0 = Release|Any CPU
		{6528CEED-7F44-4728-8E3B-2C3A4FEE8596}.Debug|Any CPU.ActiveCfg = Debug|Any CPU
		{6528CEED-7F44-4728-8E3B-2C3A4FEE8596}.Debug|Any CPU.Build.0 = Debug|Any CPU
		{6528CEED-7F44-4728-8E3B-2C3A4FEE8596}.Release|Any CPU.ActiveCfg = Release|Any CPU
		{6528CEED-7F44-4728-8E3B-2C3A4FEE8596}.Release|Any CPU.Build.0 = Release|Any CPU
		{799D604D-98B1-4820-9BC0-F2E3D47A9D67}.Debug|Any CPU.ActiveCfg = Debug|Any CPU
		{799D604D-98B1-4820-9BC0-F2E3D47A9D67}.Debug|Any CPU.Build.0 = Debug|Any CPU
		{799D604D-98B1-4820-9BC0-F2E3D47A9D67}.Release|Any CPU.ActiveCfg = Release|Any CPU
		{799D604D-98B1-4820-9BC0-F2E3D47A9D67}.Release|Any CPU.Build.0 = Release|Any CPU
		{B678C7D7-FAF3-4B7A-AFC1-C2D108032401}.Debug|Any CPU.ActiveCfg = Debug|Any CPU
		{B678C7D7-FAF3-4B7A-AFC1-C2D108032401}.Debug|Any CPU.Build.0 = Debug|Any CPU
		{B678C7D7-FAF3-4B7A-AFC1-C2D108032401}.Release|Any CPU.ActiveCfg = Release|Any CPU
		{B678C7D7-FAF3-4B7A-AFC1-C2D108032401}.Release|Any CPU.Build.0 = Release|Any CPU
		{58BD4DE8-8DEC-4FC2-B985-C2637E1FEED2}.Debug|Any CPU.ActiveCfg = Debug|Any CPU
		{58BD4DE8-8DEC-4FC2-B985-C2637E1FEED2}.Debug|Any CPU.Build.0 = Debug|Any CPU
		{58BD4DE8-8DEC-4FC2-B985-C2637E1FEED2}.Release|Any CPU.ActiveCfg = Release|Any CPU
		{58BD4DE8-8DEC-4FC2-B985-C2637E1FEED2}.Release|Any CPU.Build.0 = Release|Any CPU
	EndGlobalSection
	GlobalSection(SolutionProperties) = preSolution
		HideSolutionNode = FALSE
	EndGlobalSection
	GlobalSection(NestedProjects) = preSolution
		{C336FB5C-85CA-432A-9BCA-7B3F4383244C} = {8305DE19-3138-4DBB-8FE0-2602BA8700B4}
		{716952A7-4D43-4A02-8303-C1C91E67C023} = {8305DE19-3138-4DBB-8FE0-2602BA8700B4}
		{B5B194D2-B77A-4472-9F12-0BF31C9CA7C5} = {F2C2D5BE-2938-4959-BF01-2F0504F652D9}
		{59A974D7-BDC8-4859-A6C6-39768DF6BEA5} = {F2C2D5BE-2938-4959-BF01-2F0504F652D9}
		{6528CEED-7F44-4728-8E3B-2C3A4FEE8596} = {51609212-31AA-4D03-8019-560E850F22A8}
		{799D604D-98B1-4820-9BC0-F2E3D47A9D67} = {51609212-31AA-4D03-8019-560E850F22A8}
		{B678C7D7-FAF3-4B7A-AFC1-C2D108032401} = {6A2E6C89-BC18-493E-8A3B-E4BEE0E83A5B}
		{58BD4DE8-8DEC-4FC2-B985-C2637E1FEED2} = {6A2E6C89-BC18-493E-8A3B-E4BEE0E83A5B}
	EndGlobalSection
	GlobalSection(ExtensibilityGlobals) = postSolution
		SolutionGuid = {BAB52DFF-F022-4E34-9511-0ED3DCEB1CBD}
	EndGlobalSection
EndGlobal
