
Microsoft Visual Studio Solution File, Format Version 12.00
# Visual Studio Version 17
VisualStudioVersion = 17.3.32929.385
MinimumVisualStudioVersion = 10.0.40219.1
Project("{9A19103F-16F7-4668-BE54-9A1E7A4F7556}") = "Compass.Wasm.Server", "Compass.Wasm\Server\Compass.Wasm.Server.csproj", "{735C740C-49A5-45B7-81F2-1BDEF97F843D}"
EndProject
Project("{9A19103F-16F7-4668-BE54-9A1E7A4F7556}") = "Compass.Wasm.Client", "Compass.Wasm\Client\Compass.Wasm.Client.csproj", "{001FC8BE-1618-4C71-BAB4-9B61B177DCAE}"
EndProject
Project("{9A19103F-16F7-4668-BE54-9A1E7A4F7556}") = "Compass.Wasm.Shared", "Compass.Wasm\Shared\Compass.Wasm.Shared.csproj", "{AB274267-9D6E-42C6-ABED-F47EBD45224E}"
EndProject
Project("{9A19103F-16F7-4668-BE54-9A1E7A4F7556}") = "Compass.FileService.Domain", "Compass.Services\Compass.FileService.Domain\Compass.FileService.Domain.csproj", "{C336FB5C-85CA-432A-9BCA-7B3F4383244C}"
EndProject
Project("{9A19103F-16F7-4668-BE54-9A1E7A4F7556}") = "Compass.FileService.Infrastructure", "Compass.Services\Compass.FileService.Infrastructure\Compass.FileService.Infrastructure.csproj", "{716952A7-4D43-4A02-8303-C1C91E67C023}"
EndProject
Project("{9A19103F-16F7-4668-BE54-9A1E7A4F7556}") = "Compass.ProjectService.Domain", "Compass.Services\Compass.ProjectService.Domain\Compass.ProjectService.Domain.csproj", "{B5B194D2-B77A-4472-9F12-0BF31C9CA7C5}"
EndProject
Project("{9A19103F-16F7-4668-BE54-9A1E7A4F7556}") = "Compass.ProjectService.Infrastructure", "Compass.Services\Compass.ProjectService.Infrastructure\Compass.ProjectService.Infrastructure.csproj", "{59A974D7-BDC8-4859-A6C6-39768DF6BEA5}"
EndProject
Project("{9A19103F-16F7-4668-BE54-9A1E7A4F7556}") = "Compass.IdentityService.Domain", "Compass.Services\Compass.IdentityService.Domain\Compass.IdentityService.Domain.csproj", "{6528CEED-7F44-4728-8E3B-2C3A4FEE8596}"
EndProject
Project("{9A19103F-16F7-4668-BE54-9A1E7A4F7556}") = "Compass.IdentityService.Infrastructure", "Compass.Services\Compass.IdentityService.Infrastructure\Compass.IdentityService.Infrastructure.csproj", "{799D604D-98B1-4820-9BC0-F2E3D47A9D67}"
EndProject
Project("{9A19103F-16F7-4668-BE54-9A1E7A4F7556}") = "Compass.CategoryService.Domain", "Compass.Services\Compass.CategoryService.Domain\Compass.CategoryService.Domain.csproj", "{B678C7D7-FAF3-4B7A-AFC1-C2D108032401}"
EndProject
Project("{9A19103F-16F7-4668-BE54-9A1E7A4F7556}") = "Compass.CategoryService.Infrastructure", "Compass.Services\Compass.CategoryService.Infrastructure\Compass.CategoryService.Infrastructure.csproj", "{58BD4DE8-8DEC-4FC2-B985-C2637E1FEED2}"
EndProject
Project("{9A19103F-16F7-4668-BE54-9A1E7A4F7556}") = "Compass.PlanService.Domain", "Compass.Services\Compass.PlanService.Domain\Compass.PlanService.Domain.csproj", "{94A4332D-8630-4883-9090-1874190535E3}"
EndProject
Project("{9A19103F-16F7-4668-BE54-9A1E7A4F7556}") = "Compass.PlanService.Infrastructure", "Compass.Services\Compass.PlanService.Infrastructure\Compass.PlanService.Infrastructure.csproj", "{2F643117-0771-4D1F-9608-C8F093BA898C}"
EndProject
Project("{9A19103F-16F7-4668-BE54-9A1E7A4F7556}") = "Compass.DataService.Domain", "Compass.Services\Compass.DataService.Domain\Compass.DataService.Domain.csproj", "{A8D799EA-768B-4AE1-BA67-7BE1B9AE4890}"
EndProject
Project("{9A19103F-16F7-4668-BE54-9A1E7A4F7556}") = "Compass.DataService.Infrastructure", "Compass.Services\Compass.DataService.Infrastructure\Compass.DataService.Infrastructure.csproj", "{12933E07-C646-451D-B37E-5C5FBD33FFE0}"
EndProject
Project("{9A19103F-16F7-4668-BE54-9A1E7A4F7556}") = "Compass.QualityService.Domain", "Compass.Services\Compass.QualityService.Domain\Compass.QualityService.Domain.csproj", "{EA69AB69-061A-4906-9A45-6ADC7F4155FE}"
EndProject
Project("{9A19103F-16F7-4668-BE54-9A1E7A4F7556}") = "Compass.QualityService.Infrastructure", "Compass.Services\Compass.QualityService.Infrastructure\Compass.QualityService.Infrastructure.csproj", "{094675AD-D856-47E3-8FC3-486F93D017C3}"
EndProject
Project("{9A19103F-16F7-4668-BE54-9A1E7A4F7556}") = "Compass.Wpf", "Compass.Wpf\Compass.Wpf.csproj", "{ED3F208C-4E70-403E-B218-A2A01E531EE8}"
EndProject
Project("{9A19103F-16F7-4668-BE54-9A1E7A4F7556}") = "Compass.TodoService.Domain", "Compass.Services\Compass.TodoService.Domain\Compass.TodoService.Domain.csproj", "{A1CCB288-1FCA-4775-BAD3-2DCBDFFC568B}"
EndProject
Project("{9A19103F-16F7-4668-BE54-9A1E7A4F7556}") = "Compass.TodoService.Infrastructure", "Compass.Services\Compass.TodoService.Infrastructure\Compass.TodoService.Infrastructure.csproj", "{2DCC59AC-4186-42C3-A8FB-00D43E713AED}"
EndProject
Project("{2150E333-8FDC-42A3-9474-1A3956D46DE8}") = "Compass.Services", "Compass.Services", "{A49BA812-CC7E-42B8-BDAF-E20D4B7066EC}"
EndProject
Project("{9A19103F-16F7-4668-BE54-9A1E7A4F7556}") = "Compass.Update", "Compass.Update\Compass.Update.csproj", "{532A0EF7-BDC7-4E69-BFC7-1DF17B1261CE}"
EndProject
Project("{9A19103F-16F7-4668-BE54-9A1E7A4F7556}") = "Compass.Test", "Compass.Test\Compass.Test.csproj", "{50EE9B80-780A-4E6D-A785-F364B355164D}"
EndProject
Project("{9A19103F-16F7-4668-BE54-9A1E7A4F7556}") = "Compass.Andro", "Compass.Andro\Compass.Andro\Compass.Andro.csproj", "{F46DCA76-A922-4C3A-952E-EC5D28233601}"
EndProject
Project("{FAE04EC0-301F-11D3-BF4B-00C04F79EFBC}") = "Compass.Andro.Android", "Compass.Andro\Compass.Andro.Android\Compass.Andro.Android.csproj", "{3E3223AE-6D81-4DCF-9FCF-6B8FEE9A6E65}"
EndProject
Project("{FAE04EC0-301F-11D3-BF4B-00C04F79EFBC}") = "Compass.Dtos", "Compass.Dtos\Compass.Dtos.csproj", "{C18D3155-5C87-4D45-9375-E0BCC8FC937F}"
EndProject
Global
	GlobalSection(SolutionConfigurationPlatforms) = preSolution
		Debug|Any CPU = Debug|Any CPU
		Release|Any CPU = Release|Any CPU
	EndGlobalSection
	GlobalSection(ProjectConfigurationPlatforms) = postSolution
		{735C740C-49A5-45B7-81F2-1BDEF97F843D}.Debug|Any CPU.ActiveCfg = Debug|Any CPU
		{735C740C-49A5-45B7-81F2-1BDEF97F843D}.Debug|Any CPU.Build.0 = Debug|Any CPU
		{735C740C-49A5-45B7-81F2-1BDEF97F843D}.Release|Any CPU.ActiveCfg = Release|Any CPU
		{735C740C-49A5-45B7-81F2-1BDEF97F843D}.Release|Any CPU.Build.0 = Release|Any CPU
		{001FC8BE-1618-4C71-BAB4-9B61B177DCAE}.Debug|Any CPU.ActiveCfg = Debug|Any CPU
		{001FC8BE-1618-4C71-BAB4-9B61B177DCAE}.Debug|Any CPU.Build.0 = Debug|Any CPU
		{001FC8BE-1618-4C71-BAB4-9B61B177DCAE}.Release|Any CPU.ActiveCfg = Release|Any CPU
		{001FC8BE-1618-4C71-BAB4-9B61B177DCAE}.Release|Any CPU.Build.0 = Release|Any CPU
		{AB274267-9D6E-42C6-ABED-F47EBD45224E}.Debug|Any CPU.ActiveCfg = Debug|Any CPU
		{AB274267-9D6E-42C6-ABED-F47EBD45224E}.Debug|Any CPU.Build.0 = Debug|Any CPU
		{AB274267-9D6E-42C6-ABED-F47EBD45224E}.Release|Any CPU.ActiveCfg = Release|Any CPU
		{AB274267-9D6E-42C6-ABED-F47EBD45224E}.Release|Any CPU.Build.0 = Release|Any CPU
		{C336FB5C-85CA-432A-9BCA-7B3F4383244C}.Debug|Any CPU.ActiveCfg = Debug|Any CPU
		{C336FB5C-85CA-432A-9BCA-7B3F4383244C}.Debug|Any CPU.Build.0 = Debug|Any CPU
		{C336FB5C-85CA-432A-9BCA-7B3F4383244C}.Release|Any CPU.ActiveCfg = Release|Any CPU
		{C336FB5C-85CA-432A-9BCA-7B3F4383244C}.Release|Any CPU.Build.0 = Release|Any CPU
		{716952A7-4D43-4A02-8303-C1C91E67C023}.Debug|Any CPU.ActiveCfg = Debug|Any CPU
		{716952A7-4D43-4A02-8303-C1C91E67C023}.Debug|Any CPU.Build.0 = Debug|Any CPU
		{716952A7-4D43-4A02-8303-C1C91E67C023}.Release|Any CPU.ActiveCfg = Release|Any CPU
		{716952A7-4D43-4A02-8303-C1C91E67C023}.Release|Any CPU.Build.0 = Release|Any CPU
		{B5B194D2-B77A-4472-9F12-0BF31C9CA7C5}.Debug|Any CPU.ActiveCfg = Debug|Any CPU
		{B5B194D2-B77A-4472-9F12-0BF31C9CA7C5}.Debug|Any CPU.Build.0 = Debug|Any CPU
		{B5B194D2-B77A-4472-9F12-0BF31C9CA7C5}.Release|Any CPU.ActiveCfg = Release|Any CPU
		{B5B194D2-B77A-4472-9F12-0BF31C9CA7C5}.Release|Any CPU.Build.0 = Release|Any CPU
		{59A974D7-BDC8-4859-A6C6-39768DF6BEA5}.Debug|Any CPU.ActiveCfg = Debug|Any CPU
		{59A974D7-BDC8-4859-A6C6-39768DF6BEA5}.Debug|Any CPU.Build.0 = Debug|Any CPU
		{59A974D7-BDC8-4859-A6C6-39768DF6BEA5}.Release|Any CPU.ActiveCfg = Release|Any CPU
		{59A974D7-BDC8-4859-A6C6-39768DF6BEA5}.Release|Any CPU.Build.0 = Release|Any CPU
		{6528CEED-7F44-4728-8E3B-2C3A4FEE8596}.Debug|Any CPU.ActiveCfg = Debug|Any CPU
		{6528CEED-7F44-4728-8E3B-2C3A4FEE8596}.Debug|Any CPU.Build.0 = Debug|Any CPU
		{6528CEED-7F44-4728-8E3B-2C3A4FEE8596}.Release|Any CPU.ActiveCfg = Release|Any CPU
		{6528CEED-7F44-4728-8E3B-2C3A4FEE8596}.Release|Any CPU.Build.0 = Release|Any CPU
		{799D604D-98B1-4820-9BC0-F2E3D47A9D67}.Debug|Any CPU.ActiveCfg = Debug|Any CPU
		{799D604D-98B1-4820-9BC0-F2E3D47A9D67}.Debug|Any CPU.Build.0 = Debug|Any CPU
		{799D604D-98B1-4820-9BC0-F2E3D47A9D67}.Release|Any CPU.ActiveCfg = Release|Any CPU
		{799D604D-98B1-4820-9BC0-F2E3D47A9D67}.Release|Any CPU.Build.0 = Release|Any CPU
		{B678C7D7-FAF3-4B7A-AFC1-C2D108032401}.Debug|Any CPU.ActiveCfg = Debug|Any CPU
		{B678C7D7-FAF3-4B7A-AFC1-C2D108032401}.Debug|Any CPU.Build.0 = Debug|Any CPU
		{B678C7D7-FAF3-4B7A-AFC1-C2D108032401}.Release|Any CPU.ActiveCfg = Release|Any CPU
		{B678C7D7-FAF3-4B7A-AFC1-C2D108032401}.Release|Any CPU.Build.0 = Release|Any CPU
		{58BD4DE8-8DEC-4FC2-B985-C2637E1FEED2}.Debug|Any CPU.ActiveCfg = Debug|Any CPU
		{58BD4DE8-8DEC-4FC2-B985-C2637E1FEED2}.Debug|Any CPU.Build.0 = Debug|Any CPU
		{58BD4DE8-8DEC-4FC2-B985-C2637E1FEED2}.Release|Any CPU.ActiveCfg = Release|Any CPU
		{58BD4DE8-8DEC-4FC2-B985-C2637E1FEED2}.Release|Any CPU.Build.0 = Release|Any CPU
		{94A4332D-8630-4883-9090-1874190535E3}.Debug|Any CPU.ActiveCfg = Debug|Any CPU
		{94A4332D-8630-4883-9090-1874190535E3}.Debug|Any CPU.Build.0 = Debug|Any CPU
		{94A4332D-8630-4883-9090-1874190535E3}.Release|Any CPU.ActiveCfg = Release|Any CPU
		{94A4332D-8630-4883-9090-1874190535E3}.Release|Any CPU.Build.0 = Release|Any CPU
		{2F643117-0771-4D1F-9608-C8F093BA898C}.Debug|Any CPU.ActiveCfg = Debug|Any CPU
		{2F643117-0771-4D1F-9608-C8F093BA898C}.Debug|Any CPU.Build.0 = Debug|Any CPU
		{2F643117-0771-4D1F-9608-C8F093BA898C}.Release|Any CPU.ActiveCfg = Release|Any CPU
		{2F643117-0771-4D1F-9608-C8F093BA898C}.Release|Any CPU.Build.0 = Release|Any CPU
		{A8D799EA-768B-4AE1-BA67-7BE1B9AE4890}.Debug|Any CPU.ActiveCfg = Debug|Any CPU
		{A8D799EA-768B-4AE1-BA67-7BE1B9AE4890}.Debug|Any CPU.Build.0 = Debug|Any CPU
		{A8D799EA-768B-4AE1-BA67-7BE1B9AE4890}.Release|Any CPU.ActiveCfg = Release|Any CPU
		{A8D799EA-768B-4AE1-BA67-7BE1B9AE4890}.Release|Any CPU.Build.0 = Release|Any CPU
		{12933E07-C646-451D-B37E-5C5FBD33FFE0}.Debug|Any CPU.ActiveCfg = Debug|Any CPU
		{12933E07-C646-451D-B37E-5C5FBD33FFE0}.Debug|Any CPU.Build.0 = Debug|Any CPU
		{12933E07-C646-451D-B37E-5C5FBD33FFE0}.Release|Any CPU.ActiveCfg = Release|Any CPU
		{12933E07-C646-451D-B37E-5C5FBD33FFE0}.Release|Any CPU.Build.0 = Release|Any CPU
		{EA69AB69-061A-4906-9A45-6ADC7F4155FE}.Debug|Any CPU.ActiveCfg = Debug|Any CPU
		{EA69AB69-061A-4906-9A45-6ADC7F4155FE}.Debug|Any CPU.Build.0 = Debug|Any CPU
		{EA69AB69-061A-4906-9A45-6ADC7F4155FE}.Release|Any CPU.ActiveCfg = Release|Any CPU
		{EA69AB69-061A-4906-9A45-6ADC7F4155FE}.Release|Any CPU.Build.0 = Release|Any CPU
		{094675AD-D856-47E3-8FC3-486F93D017C3}.Debug|Any CPU.ActiveCfg = Debug|Any CPU
		{094675AD-D856-47E3-8FC3-486F93D017C3}.Debug|Any CPU.Build.0 = Debug|Any CPU
		{094675AD-D856-47E3-8FC3-486F93D017C3}.Release|Any CPU.ActiveCfg = Release|Any CPU
		{094675AD-D856-47E3-8FC3-486F93D017C3}.Release|Any CPU.Build.0 = Release|Any CPU
		{ED3F208C-4E70-403E-B218-A2A01E531EE8}.Debug|Any CPU.ActiveCfg = Debug|Any CPU
		{ED3F208C-4E70-403E-B218-A2A01E531EE8}.Debug|Any CPU.Build.0 = Debug|Any CPU
		{ED3F208C-4E70-403E-B218-A2A01E531EE8}.Release|Any CPU.ActiveCfg = Release|Any CPU
		{ED3F208C-4E70-403E-B218-A2A01E531EE8}.Release|Any CPU.Build.0 = Release|Any CPU
		{A1CCB288-1FCA-4775-BAD3-2DCBDFFC568B}.Debug|Any CPU.ActiveCfg = Debug|Any CPU
		{A1CCB288-1FCA-4775-BAD3-2DCBDFFC568B}.Debug|Any CPU.Build.0 = Debug|Any CPU
		{A1CCB288-1FCA-4775-BAD3-2DCBDFFC568B}.Release|Any CPU.ActiveCfg = Release|Any CPU
		{A1CCB288-1FCA-4775-BAD3-2DCBDFFC568B}.Release|Any CPU.Build.0 = Release|Any CPU
		{2DCC59AC-4186-42C3-A8FB-00D43E713AED}.Debug|Any CPU.ActiveCfg = Debug|Any CPU
		{2DCC59AC-4186-42C3-A8FB-00D43E713AED}.Debug|Any CPU.Build.0 = Debug|Any CPU
		{2DCC59AC-4186-42C3-A8FB-00D43E713AED}.Release|Any CPU.ActiveCfg = Release|Any CPU
		{2DCC59AC-4186-42C3-A8FB-00D43E713AED}.Release|Any CPU.Build.0 = Release|Any CPU
		{532A0EF7-BDC7-4E69-BFC7-1DF17B1261CE}.Debug|Any CPU.ActiveCfg = Debug|Any CPU
		{532A0EF7-BDC7-4E69-BFC7-1DF17B1261CE}.Debug|Any CPU.Build.0 = Debug|Any CPU
		{532A0EF7-BDC7-4E69-BFC7-1DF17B1261CE}.Release|Any CPU.ActiveCfg = Release|Any CPU
		{532A0EF7-BDC7-4E69-BFC7-1DF17B1261CE}.Release|Any CPU.Build.0 = Release|Any CPU
		{50EE9B80-780A-4E6D-A785-F364B355164D}.Debug|Any CPU.ActiveCfg = Debug|Any CPU
		{50EE9B80-780A-4E6D-A785-F364B355164D}.Debug|Any CPU.Build.0 = Debug|Any CPU
		{50EE9B80-780A-4E6D-A785-F364B355164D}.Release|Any CPU.ActiveCfg = Release|Any CPU
		{50EE9B80-780A-4E6D-A785-F364B355164D}.Release|Any CPU.Build.0 = Release|Any CPU
		{F46DCA76-A922-4C3A-952E-EC5D28233601}.Debug|Any CPU.ActiveCfg = Debug|Any CPU
		{F46DCA76-A922-4C3A-952E-EC5D28233601}.Debug|Any CPU.Build.0 = Debug|Any CPU
		{F46DCA76-A922-4C3A-952E-EC5D28233601}.Release|Any CPU.ActiveCfg = Release|Any CPU
		{F46DCA76-A922-4C3A-952E-EC5D28233601}.Release|Any CPU.Build.0 = Release|Any CPU
		{3E3223AE-6D81-4DCF-9FCF-6B8FEE9A6E65}.Debug|Any CPU.ActiveCfg = Debug|Any CPU
		{3E3223AE-6D81-4DCF-9FCF-6B8FEE9A6E65}.Debug|Any CPU.Build.0 = Debug|Any CPU
		{3E3223AE-6D81-4DCF-9FCF-6B8FEE9A6E65}.Debug|Any CPU.Deploy.0 = Debug|Any CPU
		{3E3223AE-6D81-4DCF-9FCF-6B8FEE9A6E65}.Release|Any CPU.ActiveCfg = Release|Any CPU
		{3E3223AE-6D81-4DCF-9FCF-6B8FEE9A6E65}.Release|Any CPU.Build.0 = Release|Any CPU
		{3E3223AE-6D81-4DCF-9FCF-6B8FEE9A6E65}.Release|Any CPU.Deploy.0 = Release|Any CPU
		{C18D3155-5C87-4D45-9375-E0BCC8FC937F}.Debug|Any CPU.ActiveCfg = Debug|Any CPU
		{C18D3155-5C87-4D45-9375-E0BCC8FC937F}.Debug|Any CPU.Build.0 = Debug|Any CPU
		{C18D3155-5C87-4D45-9375-E0BCC8FC937F}.Release|Any CPU.ActiveCfg = Release|Any CPU
		{C18D3155-5C87-4D45-9375-E0BCC8FC937F}.Release|Any CPU.Build.0 = Release|Any CPU
	EndGlobalSection
	GlobalSection(SolutionProperties) = preSolution
		HideSolutionNode = FALSE
	EndGlobalSection
	GlobalSection(NestedProjects) = preSolution
		{C336FB5C-85CA-432A-9BCA-7B3F4383244C} = {A49BA812-CC7E-42B8-BDAF-E20D4B7066EC}
		{716952A7-4D43-4A02-8303-C1C91E67C023} = {A49BA812-CC7E-42B8-BDAF-E20D4B7066EC}
		{B5B194D2-B77A-4472-9F12-0BF31C9CA7C5} = {A49BA812-CC7E-42B8-BDAF-E20D4B7066EC}
		{59A974D7-BDC8-4859-A6C6-39768DF6BEA5} = {A49BA812-CC7E-42B8-BDAF-E20D4B7066EC}
		{6528CEED-7F44-4728-8E3B-2C3A4FEE8596} = {A49BA812-CC7E-42B8-BDAF-E20D4B7066EC}
		{799D604D-98B1-4820-9BC0-F2E3D47A9D67} = {A49BA812-CC7E-42B8-BDAF-E20D4B7066EC}
		{B678C7D7-FAF3-4B7A-AFC1-C2D108032401} = {A49BA812-CC7E-42B8-BDAF-E20D4B7066EC}
		{58BD4DE8-8DEC-4FC2-B985-C2637E1FEED2} = {A49BA812-CC7E-42B8-BDAF-E20D4B7066EC}
		{94A4332D-8630-4883-9090-1874190535E3} = {A49BA812-CC7E-42B8-BDAF-E20D4B7066EC}
		{2F643117-0771-4D1F-9608-C8F093BA898C} = {A49BA812-CC7E-42B8-BDAF-E20D4B7066EC}
		{A8D799EA-768B-4AE1-BA67-7BE1B9AE4890} = {A49BA812-CC7E-42B8-BDAF-E20D4B7066EC}
		{12933E07-C646-451D-B37E-5C5FBD33FFE0} = {A49BA812-CC7E-42B8-BDAF-E20D4B7066EC}
		{EA69AB69-061A-4906-9A45-6ADC7F4155FE} = {A49BA812-CC7E-42B8-BDAF-E20D4B7066EC}
		{094675AD-D856-47E3-8FC3-486F93D017C3} = {A49BA812-CC7E-42B8-BDAF-E20D4B7066EC}
		{A1CCB288-1FCA-4775-BAD3-2DCBDFFC568B} = {A49BA812-CC7E-42B8-BDAF-E20D4B7066EC}
		{2DCC59AC-4186-42C3-A8FB-00D43E713AED} = {A49BA812-CC7E-42B8-BDAF-E20D4B7066EC}
	EndGlobalSection
	GlobalSection(ExtensibilityGlobals) = postSolution
		SolutionGuid = {BAB52DFF-F022-4E34-9511-0ED3DCEB1CBD}
	EndGlobalSection
EndGlobal
